# THIS IS AN AUTOGENERATED FILE. DO NOT EDIT THIS FILE DIRECTLY.
# yarn lockfile v1


ansimd@^0.2.1:
  version "0.2.1"
  resolved "https://registry.yarnpkg.com/ansimd/-/ansimd-0.2.1.tgz#c77c03f0141b397406f2bc7b6be42548477975a4"
  dependencies:
    marked "0.3.4"
    unescape-html "~1.0.0"

marked@0.3.4:
  version "0.3.4"
  resolved "https://registry.yarnpkg.com/marked/-/marked-0.3.4.tgz#b0afa8e0b33f80c9265e864a333ec99ecebdf2b0"

unescape-html@~1.0.0:
  version "1.0.0"
  resolved "https://registry.yarnpkg.com/unescape-html/-/unescape-html-1.0.0.tgz#75769bf469e7822e7678834d567bf2b4485b248b"
